
Microsoft Visual Studio Solution File, Format Version 12.00
# Visual Studio Version 16
VisualStudioVersion = 16.0.31205.134
MinimumVisualStudioVersion = 10.0.40219.1
Project("{FAE04EC0-301F-11D3-BF4B-00C04F79EFBC}") = "Owl.WebMVC", "Owl.WebMVC\Owl.WebMVC.csproj", "{7DC44698-7EBF-471B-B48F-129E68A1D2DB}"
EndProject
Project("{FAE04EC0-301F-11D3-BF4B-00C04F79EFBC}") = "Owl.Data", "Owl.Data\Owl.Data.csproj", "{5E9F7BD0-6B23-4D3F-BDF9-7D2274EC3D5E}"
EndProject
Project("{FAE04EC0-301F-11D3-BF4B-00C04F79EFBC}") = "Owl.Models", "Owl.Models\Owl.Models.csproj", "{54A63B9C-D2A0-4B65-A37D-22192C02D5E8}"
EndProject
Project("{FAE04EC0-301F-11D3-BF4B-00C04F79EFBC}") = "Owl.Services", "Owl.Services\Owl.Services.csproj", "{430B4998-0E78-4B2D-9B55-0E80E6E18D6F}"
EndProject
Project("{FAE04EC0-301F-11D3-BF4B-00C04F79EFBC}") = "EnumCommonLayer", "EnumCommonLayer\EnumCommonLayer.csproj", "{068CB6CE-B8A6-47C9-BA85-8DB3CA0A8451}"
EndProject
Global
	GlobalSection(SolutionConfigurationPlatforms) = preSolution
		Debug|Any CPU = Debug|Any CPU
		Release|Any CPU = Release|Any CPU
	EndGlobalSection
	GlobalSection(ProjectConfigurationPlatforms) = postSolution
		{7DC44698-7EBF-471B-B48F-129E68A1D2DB}.Debug|Any CPU.ActiveCfg = Debug|Any CPU
		{7DC44698-7EBF-471B-B48F-129E68A1D2DB}.Debug|Any CPU.Build.0 = Debug|Any CPU
		{7DC44698-7EBF-471B-B48F-129E68A1D2DB}.Release|Any CPU.ActiveCfg = Release|Any CPU
		{7DC44698-7EBF-471B-B48F-129E68A1D2DB}.Release|Any CPU.Build.0 = Release|Any CPU
		{5E9F7BD0-6B23-4D3F-BDF9-7D2274EC3D5E}.Debug|Any CPU.ActiveCfg = Debug|Any CPU
		{5E9F7BD0-6B23-4D3F-BDF9-7D2274EC3D5E}.Debug|Any CPU.Build.0 = Debug|Any CPU
		{5E9F7BD0-6B23-4D3F-BDF9-7D2274EC3D5E}.Release|Any CPU.ActiveCfg = Release|Any CPU
		{5E9F7BD0-6B23-4D3F-BDF9-7D2274EC3D5E}.Release|Any CPU.Build.0 = Release|Any CPU
		{54A63B9C-D2A0-4B65-A37D-22192C02D5E8}.Debug|Any CPU.ActiveCfg = Debug|Any CPU
		{54A63B9C-D2A0-4B65-A37D-22192C02D5E8}.Debug|Any CPU.Build.0 = Debug|Any CPU
		{54A63B9C-D2A0-4B65-A37D-22192C02D5E8}.Release|Any CPU.ActiveCfg = Release|Any CPU
		{54A63B9C-D2A0-4B65-A37D-22192C02D5E8}.Release|Any CPU.Build.0 = Release|Any CPU
		{430B4998-0E78-4B2D-9B55-0E80E6E18D6F}.Debug|Any CPU.ActiveCfg = Debug|Any CPU
		{430B4998-0E78-4B2D-9B55-0E80E6E18D6F}.Debug|Any CPU.Build.0 = Debug|Any CPU
		{430B4998-0E78-4B2D-9B55-0E80E6E18D6F}.Release|Any CPU.ActiveCfg = Release|Any CPU
		{430B4998-0E78-4B2D-9B55-0E80E6E18D6F}.Release|Any CPU.Build.0 = Release|Any CPU
		{068CB6CE-B8A6-47C9-BA85-8DB3CA0A8451}.Debug|Any CPU.ActiveCfg = Debug|Any CPU
		{068CB6CE-B8A6-47C9-BA85-8DB3CA0A8451}.Debug|Any CPU.Build.0 = Debug|Any CPU
		{068CB6CE-B8A6-47C9-BA85-8DB3CA0A8451}.Release|Any CPU.ActiveCfg = Release|Any CPU
		{068CB6CE-B8A6-47C9-BA85-8DB3CA0A8451}.Release|Any CPU.Build.0 = Release|Any CPU
	EndGlobalSection
	GlobalSection(SolutionProperties) = preSolution
		HideSolutionNode = FALSE
	EndGlobalSection
	GlobalSection(ExtensibilityGlobals) = postSolution
		SolutionGuid = {9BB32B04-C4C4-4AE5-B63D-891F13196BB6}
	EndGlobalSection
EndGlobal
